
Microsoft Visual Studio Solution File, Format Version 12.00
# Visual Studio 15
VisualStudioVersion = 15.0.27703.2035
MinimumVisualStudioVersion = 10.0.40219.1
Project("{FAE04EC0-301F-11D3-BF4B-00C04F79EFBC}") = "FormulaD_Logic", "FormulaD_Logic\FormulaD_Logic.csproj", "{FD548669-4E3E-4ABD-B877-53B9A2B4F6D2}"
EndProject
Project("{FAE04EC0-301F-11D3-BF4B-00C04F79EFBC}") = "FormulaD_Win", "FormulaD_Win\FormulaD_Win.csproj", "{EB36E131-E78E-4B15-A99F-79D4696A532F}"
EndProject
Global
	GlobalSection(SolutionConfigurationPlatforms) = preSolution
		Debug|Any CPU = Debug|Any CPU
		Release|Any CPU = Release|Any CPU
	EndGlobalSection
	GlobalSection(ProjectConfigurationPlatforms) = postSolution
		{FD548669-4E3E-4ABD-B877-53B9A2B4F6D2}.Debug|Any CPU.ActiveCfg = Debug|Any CPU
		{FD548669-4E3E-4ABD-B877-53B9A2B4F6D2}.Debug|Any CPU.Build.0 = Debug|Any CPU
		{FD548669-4E3E-4ABD-B877-53B9A2B4F6D2}.Release|Any CPU.ActiveCfg = Release|Any CPU
		{FD548669-4E3E-4ABD-B877-53B9A2B4F6D2}.Release|Any CPU.Build.0 = Release|Any CPU
		{EB36E131-E78E-4B15-A99F-79D4696A532F}.Debug|Any CPU.ActiveCfg = Debug|Any CPU
		{EB36E131-E78E-4B15-A99F-79D4696A532F}.Debug|Any CPU.Build.0 = Debug|Any CPU
		{EB36E131-E78E-4B15-A99F-79D4696A532F}.Release|Any CPU.ActiveCfg = Release|Any CPU
		{EB36E131-E78E-4B15-A99F-79D4696A532F}.Release|Any CPU.Build.0 = Release|Any CPU
	EndGlobalSection
	GlobalSection(SolutionProperties) = preSolution
		HideSolutionNode = FALSE
	EndGlobalSection
	GlobalSection(ExtensibilityGlobals) = postSolution
		SolutionGuid = {F07AB5C7-9E11-4AC5-8C24-890D0B58726E}
	EndGlobalSection
EndGlobal
